// !$*UTF8*$!
{
	archiveVersion = 1;
	classes = {
	};
	objectVersion = 55;
	objects = {

/* Begin PBXBuildFile section */
		090A1EE7284DD7FE00B14922 /* TweetView.swift in Sources */ = {isa = PBXBuildFile; fileRef = 090A1EE6284DD7FE00B14922 /* TweetView.swift */; };
		0942054C284D4E1300C047CC /* Tab.swift in Sources */ = {isa = PBXBuildFile; fileRef = 0942054B284D4E1300C047CC /* Tab.swift */; };
		0944AACC2846AA1B00602652 /* TwitterApp.swift in Sources */ = {isa = PBXBuildFile; fileRef = 0944AACB2846AA1B00602652 /* TwitterApp.swift */; };
		0944AAD02846AA1D00602652 /* Assets.xcassets in Resources */ = {isa = PBXBuildFile; fileRef = 0944AACF2846AA1D00602652 /* Assets.xcassets */; };
		0944AAD32846AA1D00602652 /* Preview Assets.xcassets in Resources */ = {isa = PBXBuildFile; fileRef = 0944AAD22846AA1D00602652 /* Preview Assets.xcassets */; };
		0944AADD2846AA1E00602652 /* TwitterTests.swift in Sources */ = {isa = PBXBuildFile; fileRef = 0944AADC2846AA1E00602652 /* TwitterTests.swift */; };
		0944AAE72846AA1E00602652 /* TwitterUITests.swift in Sources */ = {isa = PBXBuildFile; fileRef = 0944AAE62846AA1E00602652 /* TwitterUITests.swift */; };
		0944AAE92846AA1E00602652 /* TwitterUITestsLaunchTests.swift in Sources */ = {isa = PBXBuildFile; fileRef = 0944AAE82846AA1E00602652 /* TwitterUITestsLaunchTests.swift */; };
		0944AB142846AC3B00602652 /* MainTabView.swift in Sources */ = {isa = PBXBuildFile; fileRef = 0944AB132846AC3B00602652 /* MainTabView.swift */; };
		0944AB162846AC5500602652 /* HomeView.swift in Sources */ = {isa = PBXBuildFile; fileRef = 0944AB152846AC5500602652 /* HomeView.swift */; };
		0944AB182846AC5B00602652 /* SearchView.swift in Sources */ = {isa = PBXBuildFile; fileRef = 0944AB172846AC5B00602652 /* SearchView.swift */; };
		0944AB1A2846AC6500602652 /* NotificationsView.swift in Sources */ = {isa = PBXBuildFile; fileRef = 0944AB192846AC6500602652 /* NotificationsView.swift */; };
		0944AB1C2846AC6900602652 /* MessagesView.swift in Sources */ = {isa = PBXBuildFile; fileRef = 0944AB1B2846AC6900602652 /* MessagesView.swift */; };
		09F6AF7C28494C1600D9AF5C /* SideMenuView.swift in Sources */ = {isa = PBXBuildFile; fileRef = 09F6AF7B28494C1600D9AF5C /* SideMenuView.swift */; };
/* End PBXBuildFile section */

/* Begin PBXContainerItemProxy section */
		0944AAD92846AA1E00602652 /* PBXContainerItemProxy */ = {
			isa = PBXContainerItemProxy;
			containerPortal = 0944AAC02846AA1B00602652 /* Project object */;
			proxyType = 1;
			remoteGlobalIDString = 0944AAC72846AA1B00602652;
			remoteInfo = Twitter;
		};
		0944AAE32846AA1E00602652 /* PBXContainerItemProxy */ = {
			isa = PBXContainerItemProxy;
			containerPortal = 0944AAC02846AA1B00602652 /* Project object */;
			proxyType = 1;
			remoteGlobalIDString = 0944AAC72846AA1B00602652;
			remoteInfo = Twitter;
		};
/* End PBXContainerItemProxy section */

/* Begin PBXFileReference section */
		090A1EE6284DD7FE00B14922 /* TweetView.swift */ = {isa = PBXFileReference; lastKnownFileType = sourcecode.swift; path = TweetView.swift; sourceTree = "<group>"; };
		0942054B284D4E1300C047CC /* Tab.swift */ = {isa = PBXFileReference; lastKnownFileType = sourcecode.swift; path = Tab.swift; sourceTree = "<group>"; };
		0944AAC82846AA1B00602652 /* Twitter.app */ = {isa = PBXFileReference; explicitFileType = wrapper.application; includeInIndex = 0; path = Twitter.app; sourceTree = BUILT_PRODUCTS_DIR; };
		0944AACB2846AA1B00602652 /* TwitterApp.swift */ = {isa = PBXFileReference; lastKnownFileType = sourcecode.swift; path = TwitterApp.swift; sourceTree = "<group>"; };
		0944AACF2846AA1D00602652 /* Assets.xcassets */ = {isa = PBXFileReference; lastKnownFileType = folder.assetcatalog; path = Assets.xcassets; sourceTree = "<group>"; };
		0944AAD22846AA1D00602652 /* Preview Assets.xcassets */ = {isa = PBXFileReference; lastKnownFileType = folder.assetcatalog; path = "Preview Assets.xcassets"; sourceTree = "<group>"; };
		0944AAD82846AA1E00602652 /* TwitterTests.xctest */ = {isa = PBXFileReference; explicitFileType = wrapper.cfbundle; includeInIndex = 0; path = TwitterTests.xctest; sourceTree = BUILT_PRODUCTS_DIR; };
		0944AADC2846AA1E00602652 /* TwitterTests.swift */ = {isa = PBXFileReference; lastKnownFileType = sourcecode.swift; path = TwitterTests.swift; sourceTree = "<group>"; };
		0944AAE22846AA1E00602652 /* TwitterUITests.xctest */ = {isa = PBXFileReference; explicitFileType = wrapper.cfbundle; includeInIndex = 0; path = TwitterUITests.xctest; sourceTree = BUILT_PRODUCTS_DIR; };
		0944AAE62846AA1E00602652 /* TwitterUITests.swift */ = {isa = PBXFileReference; lastKnownFileType = sourcecode.swift; path = TwitterUITests.swift; sourceTree = "<group>"; };
		0944AAE82846AA1E00602652 /* TwitterUITestsLaunchTests.swift */ = {isa = PBXFileReference; lastKnownFileType = sourcecode.swift; path = TwitterUITestsLaunchTests.swift; sourceTree = "<group>"; };
		0944AB132846AC3B00602652 /* MainTabView.swift */ = {isa = PBXFileReference; lastKnownFileType = sourcecode.swift; path = MainTabView.swift; sourceTree = "<group>"; };
		0944AB152846AC5500602652 /* HomeView.swift */ = {isa = PBXFileReference; lastKnownFileType = sourcecode.swift; path = HomeView.swift; sourceTree = "<group>"; };
		0944AB172846AC5B00602652 /* SearchView.swift */ = {isa = PBXFileReference; lastKnownFileType = sourcecode.swift; path = SearchView.swift; sourceTree = "<group>"; };
		0944AB192846AC6500602652 /* NotificationsView.swift */ = {isa = PBXFileReference; lastKnownFileType = sourcecode.swift; path = NotificationsView.swift; sourceTree = "<group>"; };
		0944AB1B2846AC6900602652 /* MessagesView.swift */ = {isa = PBXFileReference; lastKnownFileType = sourcecode.swift; path = MessagesView.swift; sourceTree = "<group>"; };
		09F6AF7B28494C1600D9AF5C /* SideMenuView.swift */ = {isa = PBXFileReference; lastKnownFileType = sourcecode.swift; path = SideMenuView.swift; sourceTree = "<group>"; };
/* End PBXFileReference section */

/* Begin PBXFrameworksBuildPhase section */
		0944AAC52846AA1B00602652 /* Frameworks */ = {
			isa = PBXFrameworksBuildPhase;
			buildActionMask = 2147483647;
			files = (
			);
			runOnlyForDeploymentPostprocessing = 0;
		};
		0944AAD52846AA1E00602652 /* Frameworks */ = {
			isa = PBXFrameworksBuildPhase;
			buildActionMask = 2147483647;
			files = (
			);
			runOnlyForDeploymentPostprocessing = 0;
		};
		0944AADF2846AA1E00602652 /* Frameworks */ = {
			isa = PBXFrameworksBuildPhase;
			buildActionMask = 2147483647;
			files = (
			);
			runOnlyForDeploymentPostprocessing = 0;
		};
/* End PBXFrameworksBuildPhase section */

/* Begin PBXGroup section */
		090A1EE3284DD61600B14922 /* Home */ = {
			isa = PBXGroup;
			children = (
				0944AB152846AC5500602652 /* HomeView.swift */,
			);
			path = Home;
			sourceTree = "<group>";
		};
		0944AABF2846AA1B00602652 = {
			isa = PBXGroup;
			children = (
				0944AACA2846AA1B00602652 /* Twitter */,
				0944AADB2846AA1E00602652 /* TwitterTests */,
				0944AAE52846AA1E00602652 /* TwitterUITests */,
				0944AAC92846AA1B00602652 /* Products */,
			);
			sourceTree = "<group>";
		};
		0944AAC92846AA1B00602652 /* Products */ = {
			isa = PBXGroup;
			children = (
				0944AAC82846AA1B00602652 /* Twitter.app */,
				0944AAD82846AA1E00602652 /* TwitterTests.xctest */,
				0944AAE22846AA1E00602652 /* TwitterUITests.xctest */,
			);
			name = Products;
			sourceTree = "<group>";
		};
		0944AACA2846AA1B00602652 /* Twitter */ = {
			isa = PBXGroup;
			children = (
				0944AACB2846AA1B00602652 /* TwitterApp.swift */,
				0944AB132846AC3B00602652 /* MainTabView.swift */,
				090A1EE3284DD61600B14922 /* Home */,
				0944AB172846AC5B00602652 /* SearchView.swift */,
				0944AB192846AC6500602652 /* NotificationsView.swift */,
				0944AB1B2846AC6900602652 /* MessagesView.swift */,
				09F6AF7B28494C1600D9AF5C /* SideMenuView.swift */,
				0942054B284D4E1300C047CC /* Tab.swift */,
				090A1EE6284DD7FE00B14922 /* TweetView.swift */,
				0944AACF2846AA1D00602652 /* Assets.xcassets */,
				0944AAD12846AA1D00602652 /* Preview Content */,
			);
			path = Twitter;
			sourceTree = "<group>";
		};
		0944AAD12846AA1D00602652 /* Preview Content */ = {
			isa = PBXGroup;
			children = (
				0944AAD22846AA1D00602652 /* Preview Assets.xcassets */,
			);
			path = "Preview Content";
			sourceTree = "<group>";
		};
		0944AADB2846AA1E00602652 /* TwitterTests */ = {
			isa = PBXGroup;
			children = (
				0944AADC2846AA1E00602652 /* TwitterTests.swift */,
			);
			path = TwitterTests;
			sourceTree = "<group>";
		};
		0944AAE52846AA1E00602652 /* TwitterUITests */ = {
			isa = PBXGroup;
			children = (
				0944AAE62846AA1E00602652 /* TwitterUITests.swift */,
				0944AAE82846AA1E00602652 /* TwitterUITestsLaunchTests.swift */,
			);
			path = TwitterUITests;
			sourceTree = "<group>";
		};
/* End PBXGroup section */

/* Begin PBXNativeTarget section */
		0944AAC72846AA1B00602652 /* Twitter */ = {
			isa = PBXNativeTarget;
			buildConfigurationList = 0944AAEC2846AA1E00602652 /* Build configuration list for PBXNativeTarget "Twitter" */;
			buildPhases = (
				0944AAC42846AA1B00602652 /* Sources */,
				0944AAC52846AA1B00602652 /* Frameworks */,
				0944AAC62846AA1B00602652 /* Resources */,
			);
			buildRules = (
			);
			dependencies = (
			);
			name = Twitter;
			productName = Twitter;
			productReference = 0944AAC82846AA1B00602652 /* Twitter.app */;
			productType = "com.apple.product-type.application";
		};
		0944AAD72846AA1E00602652 /* TwitterTests */ = {
			isa = PBXNativeTarget;
			buildConfigurationList = 0944AAEF2846AA1E00602652 /* Build configuration list for PBXNativeTarget "TwitterTests" */;
			buildPhases = (
				0944AAD42846AA1E00602652 /* Sources */,
				0944AAD52846AA1E00602652 /* Frameworks */,
				0944AAD62846AA1E00602652 /* Resources */,
			);
			buildRules = (
			);
			dependencies = (
				0944AADA2846AA1E00602652 /* PBXTargetDependency */,
			);
			name = TwitterTests;
			productName = TwitterTests;
			productReference = 0944AAD82846AA1E00602652 /* TwitterTests.xctest */;
			productType = "com.apple.product-type.bundle.unit-test";
		};
		0944AAE12846AA1E00602652 /* TwitterUITests */ = {
			isa = PBXNativeTarget;
			buildConfigurationList = 0944AAF22846AA1E00602652 /* Build configuration list for PBXNativeTarget "TwitterUITests" */;
			buildPhases = (
				0944AADE2846AA1E00602652 /* Sources */,
				0944AADF2846AA1E00602652 /* Frameworks */,
				0944AAE02846AA1E00602652 /* Resources */,
			);
			buildRules = (
			);
			dependencies = (
				0944AAE42846AA1E00602652 /* PBXTargetDependency */,
			);
			name = TwitterUITests;
			productName = TwitterUITests;
			productReference = 0944AAE22846AA1E00602652 /* TwitterUITests.xctest */;
			productType = "com.apple.product-type.bundle.ui-testing";
		};
/* End PBXNativeTarget section */

/* Begin PBXProject section */
		0944AAC02846AA1B00602652 /* Project object */ = {
			isa = PBXProject;
			attributes = {
				BuildIndependentTargetsInParallel = 1;
				LastSwiftUpdateCheck = 1340;
				LastUpgradeCheck = 1340;
				ORGANIZATIONNAME = "Francisco Javier Gallego Lahera";
				TargetAttributes = {
					0944AAC72846AA1B00602652 = {
						CreatedOnToolsVersion = 13.4;
					};
					0944AAD72846AA1E00602652 = {
						CreatedOnToolsVersion = 13.4;
						TestTargetID = 0944AAC72846AA1B00602652;
					};
					0944AAE12846AA1E00602652 = {
						CreatedOnToolsVersion = 13.4;
						TestTargetID = 0944AAC72846AA1B00602652;
					};
				};
			};
			buildConfigurationList = 0944AAC32846AA1B00602652 /* Build configuration list for PBXProject "Twitter" */;
			compatibilityVersion = "Xcode 13.0";
			developmentRegion = en;
			hasScannedForEncodings = 0;
			knownRegions = (
				en,
				Base,
			);
			mainGroup = 0944AABF2846AA1B00602652;
			productRefGroup = 0944AAC92846AA1B00602652 /* Products */;
			projectDirPath = "";
			projectRoot = "";
			targets = (
				0944AAC72846AA1B00602652 /* Twitter */,
				0944AAD72846AA1E00602652 /* TwitterTests */,
				0944AAE12846AA1E00602652 /* TwitterUITests */,
			);
		};
/* End PBXProject section */

/* Begin PBXResourcesBuildPhase section */
		0944AAC62846AA1B00602652 /* Resources */ = {
			isa = PBXResourcesBuildPhase;
			buildActionMask = 2147483647;
			files = (
				0944AAD32846AA1D00602652 /* Preview Assets.xcassets in Resources */,
				0944AAD02846AA1D00602652 /* Assets.xcassets in Resources */,
			);
			runOnlyForDeploymentPostprocessing = 0;
		};
		0944AAD62846AA1E00602652 /* Resources */ = {
			isa = PBXResourcesBuildPhase;
			buildActionMask = 2147483647;
			files = (
			);
			runOnlyForDeploymentPostprocessing = 0;
		};
		0944AAE02846AA1E00602652 /* Resources */ = {
			isa = PBXResourcesBuildPhase;
			buildActionMask = 2147483647;
			files = (
			);
			runOnlyForDeploymentPostprocessing = 0;
		};
/* End PBXResourcesBuildPhase section */

/* Begin PBXSourcesBuildPhase section */
		0944AAC42846AA1B00602652 /* Sources */ = {
			isa = PBXSourcesBuildPhase;
			buildActionMask = 2147483647;
			files = (
				0944AB182846AC5B00602652 /* SearchView.swift in Sources */,
				09F6AF7C28494C1600D9AF5C /* SideMenuView.swift in Sources */,
				0944AB1A2846AC6500602652 /* NotificationsView.swift in Sources */,
				0944AB1C2846AC6900602652 /* MessagesView.swift in Sources */,
				0944AB162846AC5500602652 /* HomeView.swift in Sources */,
				0942054C284D4E1300C047CC /* Tab.swift in Sources */,
				0944AACC2846AA1B00602652 /* TwitterApp.swift in Sources */,
				090A1EE7284DD7FE00B14922 /* TweetView.swift in Sources */,
				0944AB142846AC3B00602652 /* MainTabView.swift in Sources */,
			);
			runOnlyForDeploymentPostprocessing = 0;
		};
		0944AAD42846AA1E00602652 /* Sources */ = {
			isa = PBXSourcesBuildPhase;
			buildActionMask = 2147483647;
			files = (
				0944AADD2846AA1E00602652 /* TwitterTests.swift in Sources */,
			);
			runOnlyForDeploymentPostprocessing = 0;
		};
		0944AADE2846AA1E00602652 /* Sources */ = {
			isa = PBXSourcesBuildPhase;
			buildActionMask = 2147483647;
			files = (
				0944AAE92846AA1E00602652 /* TwitterUITestsLaunchTests.swift in Sources */,
				0944AAE72846AA1E00602652 /* TwitterUITests.swift in Sources */,
			);
			runOnlyForDeploymentPostprocessing = 0;
		};
/* End PBXSourcesBuildPhase section */

/* Begin PBXTargetDependency section */
		0944AADA2846AA1E00602652 /* PBXTargetDependency */ = {
			isa = PBXTargetDependency;
			target = 0944AAC72846AA1B00602652 /* Twitter */;
			targetProxy = 0944AAD92846AA1E00602652 /* PBXContainerItemProxy */;
		};
		0944AAE42846AA1E00602652 /* PBXTargetDependency */ = {
			isa = PBXTargetDependency;
			target = 0944AAC72846AA1B00602652 /* Twitter */;
			targetProxy = 0944AAE32846AA1E00602652 /* PBXContainerItemProxy */;
		};
/* End PBXTargetDependency section */

/* Begin XCBuildConfiguration section */
		0944AAEA2846AA1E00602652 /* Debug */ = {
			isa = XCBuildConfiguration;
			buildSettings = {
				ALWAYS_SEARCH_USER_PATHS = NO;
				CLANG_ANALYZER_NONNULL = YES;
				CLANG_ANALYZER_NUMBER_OBJECT_CONVERSION = YES_AGGRESSIVE;
				CLANG_CXX_LANGUAGE_STANDARD = "gnu++17";
				CLANG_ENABLE_MODULES = YES;
				CLANG_ENABLE_OBJC_ARC = YES;
				CLANG_ENABLE_OBJC_WEAK = YES;
				CLANG_WARN_BLOCK_CAPTURE_AUTORELEASING = YES;
				CLANG_WARN_BOOL_CONVERSION = YES;
				CLANG_WARN_COMMA = YES;
				CLANG_WARN_CONSTANT_CONVERSION = YES;
				CLANG_WARN_DEPRECATED_OBJC_IMPLEMENTATIONS = YES;
				CLANG_WARN_DIRECT_OBJC_ISA_USAGE = YES_ERROR;
				CLANG_WARN_DOCUMENTATION_COMMENTS = YES;
				CLANG_WARN_EMPTY_BODY = YES;
				CLANG_WARN_ENUM_CONVERSION = YES;
				CLANG_WARN_INFINITE_RECURSION = YES;
				CLANG_WARN_INT_CONVERSION = YES;
				CLANG_WARN_NON_LITERAL_NULL_CONVERSION = YES;
				CLANG_WARN_OBJC_IMPLICIT_RETAIN_SELF = YES;
				CLANG_WARN_OBJC_LITERAL_CONVERSION = YES;
				CLANG_WARN_OBJC_ROOT_CLASS = YES_ERROR;
				CLANG_WARN_QUOTED_INCLUDE_IN_FRAMEWORK_HEADER = YES;
				CLANG_WARN_RANGE_LOOP_ANALYSIS = YES;
				CLANG_WARN_STRICT_PROTOTYPES = YES;
				CLANG_WARN_SUSPICIOUS_MOVE = YES;
				CLANG_WARN_UNGUARDED_AVAILABILITY = YES_AGGRESSIVE;
				CLANG_WARN_UNREACHABLE_CODE = YES;
				CLANG_WARN__DUPLICATE_METHOD_MATCH = YES;
				COPY_PHASE_STRIP = NO;
				DEBUG_INFORMATION_FORMAT = dwarf;
				ENABLE_STRICT_OBJC_MSGSEND = YES;
				ENABLE_TESTABILITY = YES;
				GCC_C_LANGUAGE_STANDARD = gnu11;
				GCC_DYNAMIC_NO_PIC = NO;
				GCC_NO_COMMON_BLOCKS = YES;
				GCC_OPTIMIZATION_LEVEL = 0;
				GCC_PREPROCESSOR_DEFINITIONS = (
					"DEBUG=1",
					"$(inherited)",
				);
				GCC_WARN_64_TO_32_BIT_CONVERSION = YES;
				GCC_WARN_ABOUT_RETURN_TYPE = YES_ERROR;
				GCC_WARN_UNDECLARED_SELECTOR = YES;
				GCC_WARN_UNINITIALIZED_AUTOS = YES_AGGRESSIVE;
				GCC_WARN_UNUSED_FUNCTION = YES;
				GCC_WARN_UNUSED_VARIABLE = YES;
				IPHONEOS_DEPLOYMENT_TARGET = 15.5;
				MTL_ENABLE_DEBUG_INFO = INCLUDE_SOURCE;
				MTL_FAST_MATH = YES;
				ONLY_ACTIVE_ARCH = YES;
				SDKROOT = iphoneos;
				SWIFT_ACTIVE_COMPILATION_CONDITIONS = DEBUG;
				SWIFT_OPTIMIZATION_LEVEL = "-Onone";
			};
			name = Debug;
		};
		0944AAEB2846AA1E00602652 /* Release */ = {
			isa = XCBuildConfiguration;
			buildSettings = {
				ALWAYS_SEARCH_USER_PATHS = NO;
				CLANG_ANALYZER_NONNULL = YES;
				CLANG_ANALYZER_NUMBER_OBJECT_CONVERSION = YES_AGGRESSIVE;
				CLANG_CXX_LANGUAGE_STANDARD = "gnu++17";
				CLANG_ENABLE_MODULES = YES;
				CLANG_ENABLE_OBJC_ARC = YES;
				CLANG_ENABLE_OBJC_WEAK = YES;
				CLANG_WARN_BLOCK_CAPTURE_AUTORELEASING = YES;
				CLANG_WARN_BOOL_CONVERSION = YES;
				CLANG_WARN_COMMA = YES;
				CLANG_WARN_CONSTANT_CONVERSION = YES;
				CLANG_WARN_DEPRECATED_OBJC_IMPLEMENTATIONS = YES;
				CLANG_WARN_DIRECT_OBJC_ISA_USAGE = YES_ERROR;
				CLANG_WARN_DOCUMENTATION_COMMENTS = YES;
				CLANG_WARN_EMPTY_BODY = YES;
				CLANG_WARN_ENUM_CONVERSION = YES;
				CLANG_WARN_INFINITE_RECURSION = YES;
				CLANG_WARN_INT_CONVERSION = YES;
				CLANG_WARN_NON_LITERAL_NULL_CONVERSION = YES;
				CLANG_WARN_OBJC_IMPLICIT_RETAIN_SELF = YES;
				CLANG_WARN_OBJC_LITERAL_CONVERSION = YES;
				CLANG_WARN_OBJC_ROOT_CLASS = YES_ERROR;
				CLANG_WARN_QUOTED_INCLUDE_IN_FRAMEWORK_HEADER = YES;
				CLANG_WARN_RANGE_LOOP_ANALYSIS = YES;
				CLANG_WARN_STRICT_PROTOTYPES = YES;
				CLANG_WARN_SUSPICIOUS_MOVE = YES;
				CLANG_WARN_UNGUARDED_AVAILABILITY = YES_AGGRESSIVE;
				CLANG_WARN_UNREACHABLE_CODE = YES;
				CLANG_WARN__DUPLICATE_METHOD_MATCH = YES;
				COPY_PHASE_STRIP = NO;
				DEBUG_INFORMATION_FORMAT = "dwarf-with-dsym";
				ENABLE_NS_ASSERTIONS = NO;
				ENABLE_STRICT_OBJC_MSGSEND = YES;
				GCC_C_LANGUAGE_STANDARD = gnu11;
				GCC_NO_COMMON_BLOCKS = YES;
				GCC_WARN_64_TO_32_BIT_CONVERSION = YES;
				GCC_WARN_ABOUT_RETURN_TYPE = YES_ERROR;
				GCC_WARN_UNDECLARED_SELECTOR = YES;
				GCC_WARN_UNINITIALIZED_AUTOS = YES_AGGRESSIVE;
				GCC_WARN_UNUSED_FUNCTION = YES;
				GCC_WARN_UNUSED_VARIABLE = YES;
				IPHONEOS_DEPLOYMENT_TARGET = 15.5;
				MTL_ENABLE_DEBUG_INFO = NO;
				MTL_FAST_MATH = YES;
				SDKROOT = iphoneos;
				SWIFT_COMPILATION_MODE = wholemodule;
				SWIFT_OPTIMIZATION_LEVEL = "-O";
				VALIDATE_PRODUCT = YES;
			};
			name = Release;
		};
		0944AAED2846AA1E00602652 /* Debug */ = {
			isa = XCBuildConfiguration;
			buildSettings = {
				ASSETCATALOG_COMPILER_APPICON_NAME = AppIcon;
				ASSETCATALOG_COMPILER_GLOBAL_ACCENT_COLOR_NAME = AccentColor;
				CODE_SIGN_STYLE = Automatic;
				CURRENT_PROJECT_VERSION = 1;
				DEVELOPMENT_ASSET_PATHS = "\"Twitter/Preview Content\"";
				DEVELOPMENT_TEAM = MJWN87DYML;
				ENABLE_PREVIEWS = YES;
				GENERATE_INFOPLIST_FILE = YES;
				INFOPLIST_KEY_UIApplicationSceneManifest_Generation = YES;
				INFOPLIST_KEY_UIApplicationSupportsIndirectInputEvents = YES;
				INFOPLIST_KEY_UILaunchScreen_Generation = YES;
				INFOPLIST_KEY_UISupportedInterfaceOrientations_iPad = "UIInterfaceOrientationPortrait UIInterfaceOrientationPortraitUpsideDown UIInterfaceOrientationLandscapeLeft UIInterfaceOrientationLandscapeRight";
				INFOPLIST_KEY_UISupportedInterfaceOrientations_iPhone = "UIInterfaceOrientationPortrait UIInterfaceOrientationLandscapeLeft UIInterfaceOrientationLandscapeRight";
				LD_RUNPATH_SEARCH_PATHS = (
					"$(inherited)",
					"@executable_path/Frameworks",
				);
				MARKETING_VERSION = 1.0;
				PRODUCT_BUNDLE_IDENTIFIER = com.fjvgallego.Twitter;
				PRODUCT_NAME = "$(TARGET_NAME)";
				SWIFT_EMIT_LOC_STRINGS = YES;
				SWIFT_VERSION = 5.0;
				TARGETED_DEVICE_FAMILY = "1,2";
			};
			name = Debug;
		};
		0944AAEE2846AA1E00602652 /* Release */ = {
			isa = XCBuildConfiguration;
			buildSettings = {
				ASSETCATALOG_COMPILER_APPICON_NAME = AppIcon;
				ASSETCATALOG_COMPILER_GLOBAL_ACCENT_COLOR_NAME = AccentColor;
				CODE_SIGN_STYLE = Automatic;
				CURRENT_PROJECT_VERSION = 1;
				DEVELOPMENT_ASSET_PATHS = "\"Twitter/Preview Content\"";
				DEVELOPMENT_TEAM = MJWN87DYML;
				ENABLE_PREVIEWS = YES;
				GENERATE_INFOPLIST_FILE = YES;
				INFOPLIST_KEY_UIApplicationSceneManifest_Generation = YES;
				INFOPLIST_KEY_UIApplicationSupportsIndirectInputEvents = YES;
				INFOPLIST_KEY_UILaunchScreen_Generation = YES;
				INFOPLIST_KEY_UISupportedInterfaceOrientations_iPad = "UIInterfaceOrientationPortrait UIInterfaceOrientationPortraitUpsideDown UIInterfaceOrientationLandscapeLeft UIInterfaceOrientationLandscapeRight";
				INFOPLIST_KEY_UISupportedInterfaceOrientations_iPhone = "UIInterfaceOrientationPortrait UIInterfaceOrientationLandscapeLeft UIInterfaceOrientationLandscapeRight";
				LD_RUNPATH_SEARCH_PATHS = (
					"$(inherited)",
					"@executable_path/Frameworks",
				);
				MARKETING_VERSION = 1.0;
				PRODUCT_BUNDLE_IDENTIFIER = com.fjvgallego.Twitter;
				PRODUCT_NAME = "$(TARGET_NAME)";
				SWIFT_EMIT_LOC_STRINGS = YES;
				SWIFT_VERSION = 5.0;
				TARGETED_DEVICE_FAMILY = "1,2";
			};
			name = Release;
		};
		0944AAF02846AA1E00602652 /* Debug */ = {
			isa = XCBuildConfiguration;
			buildSettings = {
				ALWAYS_EMBED_SWIFT_STANDARD_LIBRARIES = YES;
				BUNDLE_LOADER = "$(TEST_HOST)";
				CODE_SIGN_STYLE = Automatic;
				CURRENT_PROJECT_VERSION = 1;
				DEVELOPMENT_TEAM = MJWN87DYML;
				GENERATE_INFOPLIST_FILE = YES;
				IPHONEOS_DEPLOYMENT_TARGET = 15.5;
				MARKETING_VERSION = 1.0;
				PRODUCT_BUNDLE_IDENTIFIER = com.fjvgallego.TwitterTests;
				PRODUCT_NAME = "$(TARGET_NAME)";
				SWIFT_EMIT_LOC_STRINGS = NO;
				SWIFT_VERSION = 5.0;
				TARGETED_DEVICE_FAMILY = "1,2";
				TEST_HOST = "$(BUILT_PRODUCTS_DIR)/Twitter.app/Twitter";
			};
			name = Debug;
		};
		0944AAF12846AA1E00602652 /* Release */ = {
			isa = XCBuildConfiguration;
			buildSettings = {
				ALWAYS_EMBED_SWIFT_STANDARD_LIBRARIES = YES;
				BUNDLE_LOADER = "$(TEST_HOST)";
				CODE_SIGN_STYLE = Automatic;
				CURRENT_PROJECT_VERSION = 1;
				DEVELOPMENT_TEAM = MJWN87DYML;
				GENERATE_INFOPLIST_FILE = YES;
				IPHONEOS_DEPLOYMENT_TARGET = 15.5;
				MARKETING_VERSION = 1.0;
				PRODUCT_BUNDLE_IDENTIFIER = com.fjvgallego.TwitterTests;
				PRODUCT_NAME = "$(TARGET_NAME)";
				SWIFT_EMIT_LOC_STRINGS = NO;
				SWIFT_VERSION = 5.0;
				TARGETED_DEVICE_FAMILY = "1,2";
				TEST_HOST = "$(BUILT_PRODUCTS_DIR)/Twitter.app/Twitter";
			};
			name = Release;
		};
		0944AAF32846AA1E00602652 /* Debug */ = {
			isa = XCBuildConfiguration;
			buildSettings = {
				ALWAYS_EMBED_SWIFT_STANDARD_LIBRARIES = YES;
				CODE_SIGN_STYLE = Automatic;
				CURRENT_PROJECT_VERSION = 1;
				DEVELOPMENT_TEAM = MJWN87DYML;
				GENERATE_INFOPLIST_FILE = YES;
				MARKETING_VERSION = 1.0;
				PRODUCT_BUNDLE_IDENTIFIER = com.fjvgallego.TwitterUITests;
				PRODUCT_NAME = "$(TARGET_NAME)";
				SWIFT_EMIT_LOC_STRINGS = NO;
				SWIFT_VERSION = 5.0;
				TARGETED_DEVICE_FAMILY = "1,2";
				TEST_TARGET_NAME = Twitter;
			};
			name = Debug;
		};
		0944AAF42846AA1E00602652 /* Release */ = {
			isa = XCBuildConfiguration;
			buildSettings = {
				ALWAYS_EMBED_SWIFT_STANDARD_LIBRARIES = YES;
				CODE_SIGN_STYLE = Automatic;
				CURRENT_PROJECT_VERSION = 1;
				DEVELOPMENT_TEAM = MJWN87DYML;
				GENERATE_INFOPLIST_FILE = YES;
				MARKETING_VERSION = 1.0;
				PRODUCT_BUNDLE_IDENTIFIER = com.fjvgallego.TwitterUITests;
				PRODUCT_NAME = "$(TARGET_NAME)";
				SWIFT_EMIT_LOC_STRINGS = NO;
				SWIFT_VERSION = 5.0;
				TARGETED_DEVICE_FAMILY = "1,2";
				TEST_TARGET_NAME = Twitter;
			};
			name = Release;
		};
/* End XCBuildConfiguration section */

/* Begin XCConfigurationList section */
		0944AAC32846AA1B00602652 /* Build configuration list for PBXProject "Twitter" */ = {
			isa = XCConfigurationList;
			buildConfigurations = (
				0944AAEA2846AA1E00602652 /* Debug */,
				0944AAEB2846AA1E00602652 /* Release */,
			);
			defaultConfigurationIsVisible = 0;
			defaultConfigurationName = Release;
		};
		0944AAEC2846AA1E00602652 /* Build configuration list for PBXNativeTarget "Twitter" */ = {
			isa = XCConfigurationList;
			buildConfigurations = (
				0944AAED2846AA1E00602652 /* Debug */,
				0944AAEE2846AA1E00602652 /* Release */,
			);
			defaultConfigurationIsVisible = 0;
			defaultConfigurationName = Release;
		};
		0944AAEF2846AA1E00602652 /* Build configuration list for PBXNativeTarget "TwitterTests" */ = {
			isa = XCConfigurationList;
			buildConfigurations = (
				0944AAF02846AA1E00602652 /* Debug */,
				0944AAF12846AA1E00602652 /* Release */,
			);
			defaultConfigurationIsVisible = 0;
			defaultConfigurationName = Release;
		};
		0944AAF22846AA1E00602652 /* Build configuration list for PBXNativeTarget "TwitterUITests" */ = {
			isa = XCConfigurationList;
			buildConfigurations = (
				0944AAF32846AA1E00602652 /* Debug */,
				0944AAF42846AA1E00602652 /* Release */,
			);
			defaultConfigurationIsVisible = 0;
			defaultConfigurationName = Release;
		};
/* End XCConfigurationList section */
	};
	rootObject = 0944AAC02846AA1B00602652 /* Project object */;
}
